
Microsoft Visual Studio Solution File, Format Version 12.00
# Visual Studio 14
VisualStudioVersion = 14.0.24720.0
MinimumVisualStudioVersion = 10.0.40219.1
Project("{9092AA53-FB77-4645-B42D-1CCCA6BD08BD}") = "ExpressApp2", "ExpressApp2\ExpressApp2.njsproj", "{12318089-1D87-4058-8D51-FE325C12ADF0}"
EndProject
Global
	GlobalSection(SolutionConfigurationPlatforms) = preSolution
		Debug|Any CPU = Debug|Any CPU
		Release|Any CPU = Release|Any CPU
	EndGlobalSection
	GlobalSection(ProjectConfigurationPlatforms) = postSolution
		{12318089-1D87-4058-8D51-FE325C12ADF0}.Debug|Any CPU.ActiveCfg = Debug|Any CPU
		{12318089-1D87-4058-8D51-FE325C12ADF0}.Debug|Any CPU.Build.0 = Debug|Any CPU
		{12318089-1D87-4058-8D51-FE325C12ADF0}.Release|Any CPU.ActiveCfg = Release|Any CPU
		{12318089-1D87-4058-8D51-FE325C12ADF0}.Release|Any CPU.Build.0 = Release|Any CPU
	EndGlobalSection
	GlobalSection(SolutionProperties) = preSolution
		HideSolutionNode = FALSE
	EndGlobalSection
EndGlobal
